
Microsoft Visual Studio Solution File, Format Version 12.00
# Visual Studio Version 17
VisualStudioVersion = 17.13.35825.156 d17.13
MinimumVisualStudioVersion = 10.0.40219.1
Project("{FAE04EC0-301F-11D3-BF4B-00C04F79EFBC}") = "LibraryManagement", "LibraryManagement\LibraryManagement.csproj", "{C48E9A37-BB11-4DC2-8575-D82E74A39978}"
EndProject
Global
	GlobalSection(SolutionConfigurationPlatforms) = preSolution
		Debug|Any CPU = Debug|Any CPU
		Release|Any CPU = Release|Any CPU
	EndGlobalSection
	GlobalSection(ProjectConfigurationPlatforms) = postSolution
		{C48E9A37-BB11-4DC2-8575-D82E74A39978}.Debug|Any CPU.ActiveCfg = Debug|Any CPU
		{C48E9A37-BB11-4DC2-8575-D82E74A39978}.Debug|Any CPU.Build.0 = Debug|Any CPU
		{C48E9A37-BB11-4DC2-8575-D82E74A39978}.Release|Any CPU.ActiveCfg = Release|Any CPU
		{C48E9A37-BB11-4DC2-8575-D82E74A39978}.Release|Any CPU.Build.0 = Release|Any CPU
	EndGlobalSection
	GlobalSection(SolutionProperties) = preSolution
		HideSolutionNode = FALSE
	EndGlobalSection
	GlobalSection(ExtensibilityGlobals) = postSolution
		SolutionGuid = {A98F9681-A2F5-42F3-9BFE-A751F1EB1E57}
	EndGlobalSection
EndGlobal
